
Microsoft Visual Studio Solution File, Format Version 12.00
# Visual Studio Version 17
VisualStudioVersion = 17.3.32901.215
MinimumVisualStudioVersion = 10.0.40219.1
Project("{FAE04EC0-301F-11D3-BF4B-00C04F79EFBC}") = "dotnet-project-db", "dotnet-project-db\dotnet-project-db.csproj", "{28A75BE6-1B60-4D33-B4FE-6C81C2AF2095}"
EndProject
Global
	GlobalSection(SolutionConfigurationPlatforms) = preSolution
		Debug|Any CPU = Debug|Any CPU
		Release|Any CPU = Release|Any CPU
	EndGlobalSection
	GlobalSection(ProjectConfigurationPlatforms) = postSolution
		{28A75BE6-1B60-4D33-B4FE-6C81C2AF2095}.Debug|Any CPU.ActiveCfg = Debug|Any CPU
		{28A75BE6-1B60-4D33-B4FE-6C81C2AF2095}.Debug|Any CPU.Build.0 = Debug|Any CPU
		{28A75BE6-1B60-4D33-B4FE-6C81C2AF2095}.Release|Any CPU.ActiveCfg = Release|Any CPU
		{28A75BE6-1B60-4D33-B4FE-6C81C2AF2095}.Release|Any CPU.Build.0 = Release|Any CPU
	EndGlobalSection
	GlobalSection(SolutionProperties) = preSolution
		HideSolutionNode = FALSE
	EndGlobalSection
	GlobalSection(ExtensibilityGlobals) = postSolution
		SolutionGuid = {47DA9D9F-514B-4258-9FAE-15FC7545B137}
	EndGlobalSection
EndGlobal
